
Microsoft Visual Studio Solution File, Format Version 12.00
# Visual Studio Version 16
VisualStudioVersion = 16.0.31313.79
MinimumVisualStudioVersion = 10.0.40219.1
Project("{FAE04EC0-301F-11D3-BF4B-00C04F79EFBC}") = "Hastane_yönetim_randevu_sistemi", "Hastane_yönetim_randevu_sistemi\Hastane_yönetim_randevu_sistemi.csproj", "{DC08602D-05FA-4A87-B5AC-FA4913D68AF0}"
EndProject
Global
	GlobalSection(SolutionConfigurationPlatforms) = preSolution
		Debug|Any CPU = Debug|Any CPU
		Release|Any CPU = Release|Any CPU
	EndGlobalSection
	GlobalSection(ProjectConfigurationPlatforms) = postSolution
		{DC08602D-05FA-4A87-B5AC-FA4913D68AF0}.Debug|Any CPU.ActiveCfg = Debug|Any CPU
		{DC08602D-05FA-4A87-B5AC-FA4913D68AF0}.Debug|Any CPU.Build.0 = Debug|Any CPU
		{DC08602D-05FA-4A87-B5AC-FA4913D68AF0}.Release|Any CPU.ActiveCfg = Release|Any CPU
		{DC08602D-05FA-4A87-B5AC-FA4913D68AF0}.Release|Any CPU.Build.0 = Release|Any CPU
	EndGlobalSection
	GlobalSection(SolutionProperties) = preSolution
		HideSolutionNode = FALSE
	EndGlobalSection
	GlobalSection(ExtensibilityGlobals) = postSolution
		SolutionGuid = {CEDD1ECF-636C-45FC-B549-33DFC7613AE8}
	EndGlobalSection
EndGlobal
